{
    "name": "de.gdi-service.kvmobile",
    "version": "1.6.0",
    "lockfileVersion": 1,
    "requires": true,
    "dependencies": {
        "cordova-plugin-android-fingerprint-auth": {
            "version": "1.5.0",
            "resolved": "https://registry.npmjs.org/cordova-plugin-android-fingerprint-auth/-/cordova-plugin-android-fingerprint-auth-1.5.0.tgz",
            "integrity": "sha512-EozuBxIAo7rnIZajSWJIN8Re0KdExSlH9kxUqhYVUExzB4jQDm+JO2qcSGulXcoGsabqRgqR8XRuaoa+h+XSBQ=="
        },
        "cordova-plugin-camera": {
            "version": "2.4.1",
            "resolved": "https://registry.npmjs.org/cordova-plugin-camera/-/cordova-plugin-camera-2.4.1.tgz",
            "integrity": "sha1-GV404S22TxxJ52T31OPyYao9lME="
        },
        "cordova-plugin-compat": {
            "version": "1.1.0",
            "resolved": "https://registry.npmjs.org/cordova-plugin-compat/-/cordova-plugin-compat-1.1.0.tgz",
            "integrity": "sha1-kr3xaf62EgUyPcyWo/+DSON+h/w="
        },
        "cordova-plugin-device": {
            "version": "1.1.6",
            "resolved": "https://registry.npmjs.org/cordova-plugin-device/-/cordova-plugin-device-1.1.6.tgz",
            "integrity": "sha1-LSF2TK18m4AVI+TgmjDgJLJJM0s="
        },
        "cordova-plugin-dialogs": {
            "version": "1.3.4",
            "resolved": "https://registry.npmjs.org/cordova-plugin-dialogs/-/cordova-plugin-dialogs-1.3.4.tgz",
            "integrity": "sha1-XMlm7nyZsvW1s934SQAmKLDacVc="
        },
        "cordova-plugin-file": {
            "version": "4.3.3",
            "resolved": "https://registry.npmjs.org/cordova-plugin-file/-/cordova-plugin-file-4.3.3.tgz",
            "integrity": "sha1-AS6Xqhr7kfhJFuY0G1SDZtI96bk="
        },
        "cordova-plugin-file-transfer": {
            "version": "1.6.3",
            "resolved": "https://registry.npmjs.org/cordova-plugin-file-transfer/-/cordova-plugin-file-transfer-1.6.3.tgz",
            "integrity": "sha1-bHHeY7B2y+xXDspmRYb/mlG4rCE="
        },
        "cordova-plugin-geolocation": {
            "version": "2.4.3",
            "resolved": "https://registry.npmjs.org/cordova-plugin-geolocation/-/cordova-plugin-geolocation-2.4.3.tgz",
            "integrity": "sha1-HdAAI9Hxos4zD4dn7Qj3tzj+cYQ="
        },
        "cordova-plugin-network-information": {
            "version": "1.3.3",
            "resolved": "https://registry.npmjs.org/cordova-plugin-network-information/-/cordova-plugin-network-information-1.3.3.tgz",
            "integrity": "sha1-DqmqXBEkz3y9b4T4KKVCy9JKhRg="
        },
        "cordova-plugin-whitelist": {
            "version": "1.3.3",
            "resolved": "https://registry.npmjs.org/cordova-plugin-whitelist/-/cordova-plugin-whitelist-1.3.3.tgz",
            "integrity": "sha1-tehezbv+Wu3tQKG/TuI3LmfZb7Q="
        },
        "cordova-sqlite-evplus-legacy-attach-detach-free": {
            "version": "git+https://github.com/litehelpers/Cordova-sqlite-evplus-legacy-attach-detach-free.git#d97b0fb600be1ba052e4e0e6eaeb1b59d30229a7",
            "from": "git+https://github.com/litehelpers/Cordova-sqlite-evplus-legacy-attach-detach-free.git#evplus-legacy-attach-detach-master"
        },
        "cordova-sqlite-storage": {
            "version": "5.1.0",
            "resolved": "https://registry.npmjs.org/cordova-sqlite-storage/-/cordova-sqlite-storage-5.1.0.tgz",
            "integrity": "sha512-UmHe9yQiYblDBToh3z91WHuD6ZgmCm3VX+1QFseYQs4WVQ3+ndj22qyGby/NV0uyCgok91gB1obLjLM+9vYJEw==",
            "requires": {
                "cordova-sqlite-storage-dependencies": "3.0.0"
            }
        },
        "cordova-sqlite-storage-dependencies": {
            "version": "3.0.0",
            "resolved": "https://registry.npmjs.org/cordova-sqlite-storage-dependencies/-/cordova-sqlite-storage-dependencies-3.0.0.tgz",
            "integrity": "sha512-A7gV5lQZc0oPrJ/a+lsZmMZr7vYou4MXyQFOY+b/dwuCMsagLT0EsL7oY54tqzpvjtzLfh0aZGGm9i8DMAIFSA=="
        },
        "ionic-plugin-keyboard": {
            "version": "git+https://github.com/Telerik-Verified-Plugins/Keyboard.git#daf53e8bad9e25151608a54743ec220ece0ec14d",
            "from": "git+https://github.com/Telerik-Verified-Plugins/Keyboard.git"
        }
    }
}
